
Microsoft Visual Studio Solution File, Format Version 12.00
# Visual Studio Version 16
VisualStudioVersion = 16.0.31515.178
MinimumVisualStudioVersion = 10.0.40219.1
Project("{FAE04EC0-301F-11D3-BF4B-00C04F79EFBC}") = "inflearn_c Sharp2(변수)", "inflearn_c Sharp2(변수)\inflearn_c Sharp2(변수).csproj", "{52BA8B51-DA3E-4A48-A6F7-5C1CFD844B93}"
EndProject
Global
	GlobalSection(SolutionConfigurationPlatforms) = preSolution
		Debug|Any CPU = Debug|Any CPU
		Release|Any CPU = Release|Any CPU
	EndGlobalSection
	GlobalSection(ProjectConfigurationPlatforms) = postSolution
		{52BA8B51-DA3E-4A48-A6F7-5C1CFD844B93}.Debug|Any CPU.ActiveCfg = Debug|Any CPU
		{52BA8B51-DA3E-4A48-A6F7-5C1CFD844B93}.Debug|Any CPU.Build.0 = Debug|Any CPU
		{52BA8B51-DA3E-4A48-A6F7-5C1CFD844B93}.Release|Any CPU.ActiveCfg = Release|Any CPU
		{52BA8B51-DA3E-4A48-A6F7-5C1CFD844B93}.Release|Any CPU.Build.0 = Release|Any CPU
	EndGlobalSection
	GlobalSection(SolutionProperties) = preSolution
		HideSolutionNode = FALSE
	EndGlobalSection
	GlobalSection(ExtensibilityGlobals) = postSolution
		SolutionGuid = {03E14E19-233A-4943-8EC3-C8B0E9BBC3C1}
	EndGlobalSection
EndGlobal
